
Microsoft Visual Studio Solution File, Format Version 12.00
# Visual Studio Version 17
VisualStudioVersion = 17.6.33829.357
MinimumVisualStudioVersion = 10.0.40219.1
Project("{FAE04EC0-301F-11D3-BF4B-00C04F79EFBC}") = "BBTDApp", "BBTDApp\BBTDApp.csproj", "{1549F59A-61C2-4472-A191-EF04A81BFE11}"
EndProject
Global
	GlobalSection(SolutionConfigurationPlatforms) = preSolution
		Debug|Any CPU = Debug|Any CPU
		Release|Any CPU = Release|Any CPU
	EndGlobalSection
	GlobalSection(ProjectConfigurationPlatforms) = postSolution
		{1549F59A-61C2-4472-A191-EF04A81BFE11}.Debug|Any CPU.ActiveCfg = Debug|Any CPU
		{1549F59A-61C2-4472-A191-EF04A81BFE11}.Debug|Any CPU.Build.0 = Debug|Any CPU
		{1549F59A-61C2-4472-A191-EF04A81BFE11}.Debug|Any CPU.Deploy.0 = Debug|Any CPU
		{1549F59A-61C2-4472-A191-EF04A81BFE11}.Release|Any CPU.ActiveCfg = Release|Any CPU
		{1549F59A-61C2-4472-A191-EF04A81BFE11}.Release|Any CPU.Build.0 = Release|Any CPU
		{1549F59A-61C2-4472-A191-EF04A81BFE11}.Release|Any CPU.Deploy.0 = Release|Any CPU
	EndGlobalSection
	GlobalSection(SolutionProperties) = preSolution
		HideSolutionNode = FALSE
	EndGlobalSection
	GlobalSection(ExtensibilityGlobals) = postSolution
		SolutionGuid = {3AF2E9D4-95C0-49B9-B714-AF42641900A6}
	EndGlobalSection
EndGlobal
